
Microsoft Visual Studio Solution File, Format Version 12.00
# Visual Studio Version 16
VisualStudioVersion = 16.0.31105.61
MinimumVisualStudioVersion = 10.0.40219.1
Project("{9A19103F-16F7-4668-BE54-9A1E7A4F7556}") = "SatanPasswordGetValue", "SatanPasswordGetValue\SatanPasswordGetValue.csproj", "{945DB2FA-8732-476E-B7C7-7B1518C7362F}"
EndProject
Project("{9A19103F-16F7-4668-BE54-9A1E7A4F7556}") = "SatanPasswordTxtToValuesConverter", "SatanPasswordTxtToValuesConverter\SatanPasswordTxtToValuesConverter.csproj", "{2BE52721-F267-4BBE-A45C-01C982657E45}"
EndProject
Project("{FAE04EC0-301F-11D3-BF4B-00C04F79EFBC}") = "SatanPasswordSearch", "SatanPasswordSearch\SatanPasswordSearch.csproj", "{FC668F74-B6BC-4438-BB7A-1C7B35808A88}"
EndProject
Global
	GlobalSection(SolutionConfigurationPlatforms) = preSolution
		Debug|Any CPU = Debug|Any CPU
		Release|Any CPU = Release|Any CPU
	EndGlobalSection
	GlobalSection(ProjectConfigurationPlatforms) = postSolution
		{945DB2FA-8732-476E-B7C7-7B1518C7362F}.Debug|Any CPU.ActiveCfg = Debug|Any CPU
		{945DB2FA-8732-476E-B7C7-7B1518C7362F}.Debug|Any CPU.Build.0 = Debug|Any CPU
		{945DB2FA-8732-476E-B7C7-7B1518C7362F}.Release|Any CPU.ActiveCfg = Release|Any CPU
		{945DB2FA-8732-476E-B7C7-7B1518C7362F}.Release|Any CPU.Build.0 = Release|Any CPU
		{2BE52721-F267-4BBE-A45C-01C982657E45}.Debug|Any CPU.ActiveCfg = Debug|Any CPU
		{2BE52721-F267-4BBE-A45C-01C982657E45}.Debug|Any CPU.Build.0 = Debug|Any CPU
		{2BE52721-F267-4BBE-A45C-01C982657E45}.Release|Any CPU.ActiveCfg = Release|Any CPU
		{2BE52721-F267-4BBE-A45C-01C982657E45}.Release|Any CPU.Build.0 = Release|Any CPU
		{FC668F74-B6BC-4438-BB7A-1C7B35808A88}.Debug|Any CPU.ActiveCfg = Debug|Any CPU
		{FC668F74-B6BC-4438-BB7A-1C7B35808A88}.Debug|Any CPU.Build.0 = Debug|Any CPU
		{FC668F74-B6BC-4438-BB7A-1C7B35808A88}.Release|Any CPU.ActiveCfg = Release|Any CPU
		{FC668F74-B6BC-4438-BB7A-1C7B35808A88}.Release|Any CPU.Build.0 = Release|Any CPU
	EndGlobalSection
	GlobalSection(SolutionProperties) = preSolution
		HideSolutionNode = FALSE
	EndGlobalSection
	GlobalSection(ExtensibilityGlobals) = postSolution
		SolutionGuid = {AFC77D6E-C298-405E-AB0F-7D18F9AB68D6}
	EndGlobalSection
EndGlobal
